
Microsoft Visual Studio Solution File, Format Version 12.00
# Visual Studio Version 17
VisualStudioVersion = 17.2.32616.157
MinimumVisualStudioVersion = 10.0.40219.1
Project("{9A19103F-16F7-4668-BE54-9A1E7A4F7556}") = "ConnectionMultiplexerFactory", "src\ConnectionMultiplexerFactory.csproj", "{23842C47-F112-4096-80B2-FE2FAB44B0F1}"
EndProject
Project("{9A19103F-16F7-4668-BE54-9A1E7A4F7556}") = "ConnectionMultiplexerFactory.Tests", "tests\ConnectionMultiplexerFactory.Tests\ConnectionMultiplexerFactory.Tests.csproj", "{192564B3-0449-4939-92DE-A8DC527EED21}"
EndProject
Project("{2150E333-8FDC-42A3-9474-1A3956D46DE8}") = "tests", "tests", "{ED7F8213-8CCA-4969-B378-3071F123957C}"
EndProject
Project("{9A19103F-16F7-4668-BE54-9A1E7A4F7556}") = "ConnectionMultiplexerFactory.IntegrationTests", "tests\ConnectionMultiplexerFactory.IntegrationTests\ConnectionMultiplexerFactory.IntegrationTests.csproj", "{93ACE3FE-5BD2-4F32-81B2-5D4BDB2D0564}"
EndProject
Global
	GlobalSection(SolutionConfigurationPlatforms) = preSolution
		Debug|Any CPU = Debug|Any CPU
		Release|Any CPU = Release|Any CPU
	EndGlobalSection
	GlobalSection(ProjectConfigurationPlatforms) = postSolution
		{23842C47-F112-4096-80B2-FE2FAB44B0F1}.Debug|Any CPU.ActiveCfg = Debug|Any CPU
		{23842C47-F112-4096-80B2-FE2FAB44B0F1}.Debug|Any CPU.Build.0 = Debug|Any CPU
		{23842C47-F112-4096-80B2-FE2FAB44B0F1}.Release|Any CPU.ActiveCfg = Release|Any CPU
		{23842C47-F112-4096-80B2-FE2FAB44B0F1}.Release|Any CPU.Build.0 = Release|Any CPU
		{192564B3-0449-4939-92DE-A8DC527EED21}.Debug|Any CPU.ActiveCfg = Debug|Any CPU
		{192564B3-0449-4939-92DE-A8DC527EED21}.Debug|Any CPU.Build.0 = Debug|Any CPU
		{192564B3-0449-4939-92DE-A8DC527EED21}.Release|Any CPU.ActiveCfg = Release|Any CPU
		{192564B3-0449-4939-92DE-A8DC527EED21}.Release|Any CPU.Build.0 = Release|Any CPU
		{93ACE3FE-5BD2-4F32-81B2-5D4BDB2D0564}.Debug|Any CPU.ActiveCfg = Debug|Any CPU
		{93ACE3FE-5BD2-4F32-81B2-5D4BDB2D0564}.Debug|Any CPU.Build.0 = Debug|Any CPU
		{93ACE3FE-5BD2-4F32-81B2-5D4BDB2D0564}.Release|Any CPU.ActiveCfg = Release|Any CPU
		{93ACE3FE-5BD2-4F32-81B2-5D4BDB2D0564}.Release|Any CPU.Build.0 = Release|Any CPU
	EndGlobalSection
	GlobalSection(SolutionProperties) = preSolution
		HideSolutionNode = FALSE
	EndGlobalSection
	GlobalSection(NestedProjects) = preSolution
		{192564B3-0449-4939-92DE-A8DC527EED21} = {ED7F8213-8CCA-4969-B378-3071F123957C}
		{93ACE3FE-5BD2-4F32-81B2-5D4BDB2D0564} = {ED7F8213-8CCA-4969-B378-3071F123957C}
	EndGlobalSection
	GlobalSection(ExtensibilityGlobals) = postSolution
		SolutionGuid = {C182324E-DC85-4563-A388-6758BC71D94B}
	EndGlobalSection
EndGlobal
